
Microsoft Visual Studio Solution File, Format Version 11.00
# Visual C++ Express 2010
Project("{8BC9CEB8-8B4A-11D0-8D11-00A0C91BC942}") = "ejercicio_concatenar", "ejercicio_concatenar\ejercicio_concatenar.vcxproj", "{2205AE05-758D-49C0-9789-769790E1F606}"
EndProject
Global
	GlobalSection(SolutionConfigurationPlatforms) = preSolution
		Debug|Win32 = Debug|Win32
		Release|Win32 = Release|Win32
	EndGlobalSection
	GlobalSection(ProjectConfigurationPlatforms) = postSolution
		{2205AE05-758D-49C0-9789-769790E1F606}.Debug|Win32.ActiveCfg = Debug|Win32
		{2205AE05-758D-49C0-9789-769790E1F606}.Debug|Win32.Build.0 = Debug|Win32
		{2205AE05-758D-49C0-9789-769790E1F606}.Release|Win32.ActiveCfg = Release|Win32
		{2205AE05-758D-49C0-9789-769790E1F606}.Release|Win32.Build.0 = Release|Win32
	EndGlobalSection
	GlobalSection(SolutionProperties) = preSolution
		HideSolutionNode = FALSE
	EndGlobalSection
EndGlobal
